
Microsoft Visual Studio Solution File, Format Version 12.00
# Visual Studio 2013
VisualStudioVersion = 12.0.30501.0
MinimumVisualStudioVersion = 10.0.40219.1
Project("{FAE04EC0-301F-11D3-BF4B-00C04F79EFBC}") = "NewFMS", "NewFMS\NewFMS.csproj", "{F3EEE751-ADA1-4142-BF79-549C8EF2708B}"
EndProject
Project("{FAE04EC0-301F-11D3-BF4B-00C04F79EFBC}") = "NewScan", "..\..\..\..\..\22222\ScanAppForWeb-master\NewScan\NewScan.csproj", "{10A4AF7D-B37C-4244-A4E8-4DE7495E51EE}"
EndProject
Global
	GlobalSection(SolutionConfigurationPlatforms) = preSolution
		Debug|Any CPU = Debug|Any CPU
		Debug|x64 = Debug|x64
		Debug|x86 = Debug|x86
		Release|Any CPU = Release|Any CPU
		Release|x64 = Release|x64
		Release|x86 = Release|x86
	EndGlobalSection
	GlobalSection(ProjectConfigurationPlatforms) = postSolution
		{F3EEE751-ADA1-4142-BF79-549C8EF2708B}.Debug|Any CPU.ActiveCfg = Debug|Any CPU
		{F3EEE751-ADA1-4142-BF79-549C8EF2708B}.Debug|Any CPU.Build.0 = Debug|Any CPU
		{F3EEE751-ADA1-4142-BF79-549C8EF2708B}.Debug|x64.ActiveCfg = Debug|Any CPU
		{F3EEE751-ADA1-4142-BF79-549C8EF2708B}.Debug|x86.ActiveCfg = Debug|Any CPU
		{F3EEE751-ADA1-4142-BF79-549C8EF2708B}.Release|Any CPU.ActiveCfg = Release|Any CPU
		{F3EEE751-ADA1-4142-BF79-549C8EF2708B}.Release|Any CPU.Build.0 = Release|Any CPU
		{F3EEE751-ADA1-4142-BF79-549C8EF2708B}.Release|x64.ActiveCfg = Release|Any CPU
		{F3EEE751-ADA1-4142-BF79-549C8EF2708B}.Release|x86.ActiveCfg = Release|Any CPU
		{10A4AF7D-B37C-4244-A4E8-4DE7495E51EE}.Debug|Any CPU.ActiveCfg = Debug|Any CPU
		{10A4AF7D-B37C-4244-A4E8-4DE7495E51EE}.Debug|Any CPU.Build.0 = Debug|Any CPU
		{10A4AF7D-B37C-4244-A4E8-4DE7495E51EE}.Debug|x64.ActiveCfg = Debug|Any CPU
		{10A4AF7D-B37C-4244-A4E8-4DE7495E51EE}.Debug|x86.ActiveCfg = Debug|Any CPU
		{10A4AF7D-B37C-4244-A4E8-4DE7495E51EE}.Release|Any CPU.ActiveCfg = Release|Any CPU
		{10A4AF7D-B37C-4244-A4E8-4DE7495E51EE}.Release|Any CPU.Build.0 = Release|Any CPU
		{10A4AF7D-B37C-4244-A4E8-4DE7495E51EE}.Release|x64.ActiveCfg = Release|Any CPU
		{10A4AF7D-B37C-4244-A4E8-4DE7495E51EE}.Release|x86.ActiveCfg = Release|Any CPU
	EndGlobalSection
	GlobalSection(SolutionProperties) = preSolution
		HideSolutionNode = FALSE
	EndGlobalSection
EndGlobal
